// !$*UTF8*$!
{
	archiveVersion = 1;
	classes = {
	};
	objectVersion = 55;
	objects = {

/* Begin PBXBuildFile section */
		0EB896CB28CD45D900E7979F /* AppDelegate.swift in Sources */ = {isa = PBXBuildFile; fileRef = 0EB896CA28CD45D900E7979F /* AppDelegate.swift */; };
		0EB896CD28CD45D900E7979F /* SceneDelegate.swift in Sources */ = {isa = PBXBuildFile; fileRef = 0EB896CC28CD45D900E7979F /* SceneDelegate.swift */; };
		0EB896CF28CD45D900E7979F /* ViewController.swift in Sources */ = {isa = PBXBuildFile; fileRef = 0EB896CE28CD45D900E7979F /* ViewController.swift */; };
		0EB896D228CD45D900E7979F /* Main.storyboard in Resources */ = {isa = PBXBuildFile; fileRef = 0EB896D028CD45D900E7979F /* Main.storyboard */; };
		0EB896D528CD45D900E7979F /* IP_Details.xcdatamodeld in Sources */ = {isa = PBXBuildFile; fileRef = 0EB896D328CD45D900E7979F /* IP_Details.xcdatamodeld */; };
		0EB896D728CD45DC00E7979F /* Assets.xcassets in Resources */ = {isa = PBXBuildFile; fileRef = 0EB896D628CD45DC00E7979F /* Assets.xcassets */; };
		0EB896DA28CD45DC00E7979F /* LaunchScreen.storyboard in Resources */ = {isa = PBXBuildFile; fileRef = 0EB896D828CD45DC00E7979F /* LaunchScreen.storyboard */; };
		0EB896E528CD45DC00E7979F /* IP_DetailsTests.swift in Sources */ = {isa = PBXBuildFile; fileRef = 0EB896E428CD45DC00E7979F /* IP_DetailsTests.swift */; };
		0EB896EF28CD45DC00E7979F /* IP_DetailsUITests.swift in Sources */ = {isa = PBXBuildFile; fileRef = 0EB896EE28CD45DC00E7979F /* IP_DetailsUITests.swift */; };
		0EB896F128CD45DC00E7979F /* IP_DetailsUITestsLaunchTests.swift in Sources */ = {isa = PBXBuildFile; fileRef = 0EB896F028CD45DC00E7979F /* IP_DetailsUITestsLaunchTests.swift */; };
/* End PBXBuildFile section */

/* Begin PBXContainerItemProxy section */
		0EB896E128CD45DC00E7979F /* PBXContainerItemProxy */ = {
			isa = PBXContainerItemProxy;
			containerPortal = 0EB896BF28CD45D900E7979F /* Project object */;
			proxyType = 1;
			remoteGlobalIDString = 0EB896C628CD45D900E7979F;
			remoteInfo = "IP Details";
		};
		0EB896EB28CD45DC00E7979F /* PBXContainerItemProxy */ = {
			isa = PBXContainerItemProxy;
			containerPortal = 0EB896BF28CD45D900E7979F /* Project object */;
			proxyType = 1;
			remoteGlobalIDString = 0EB896C628CD45D900E7979F;
			remoteInfo = "IP Details";
		};
/* End PBXContainerItemProxy section */

/* Begin PBXFileReference section */
		0EB896C728CD45D900E7979F /* IP Details.app */ = {isa = PBXFileReference; explicitFileType = wrapper.application; includeInIndex = 0; path = "IP Details.app"; sourceTree = BUILT_PRODUCTS_DIR; };
		0EB896CA28CD45D900E7979F /* AppDelegate.swift */ = {isa = PBXFileReference; lastKnownFileType = sourcecode.swift; path = AppDelegate.swift; sourceTree = "<group>"; };
		0EB896CC28CD45D900E7979F /* SceneDelegate.swift */ = {isa = PBXFileReference; lastKnownFileType = sourcecode.swift; path = SceneDelegate.swift; sourceTree = "<group>"; };
		0EB896CE28CD45D900E7979F /* ViewController.swift */ = {isa = PBXFileReference; lastKnownFileType = sourcecode.swift; path = ViewController.swift; sourceTree = "<group>"; };
		0EB896D128CD45D900E7979F /* Base */ = {isa = PBXFileReference; lastKnownFileType = file.storyboard; name = Base; path = Base.lproj/Main.storyboard; sourceTree = "<group>"; };
		0EB896D428CD45D900E7979F /* IP_Details.xcdatamodel */ = {isa = PBXFileReference; lastKnownFileType = wrapper.xcdatamodel; path = IP_Details.xcdatamodel; sourceTree = "<group>"; };
		0EB896D628CD45DC00E7979F /* Assets.xcassets */ = {isa = PBXFileReference; lastKnownFileType = folder.assetcatalog; path = Assets.xcassets; sourceTree = "<group>"; };
		0EB896D928CD45DC00E7979F /* Base */ = {isa = PBXFileReference; lastKnownFileType = file.storyboard; name = Base; path = Base.lproj/LaunchScreen.storyboard; sourceTree = "<group>"; };
		0EB896DB28CD45DC00E7979F /* Info.plist */ = {isa = PBXFileReference; lastKnownFileType = text.plist.xml; path = Info.plist; sourceTree = "<group>"; };
		0EB896E028CD45DC00E7979F /* IP DetailsTests.xctest */ = {isa = PBXFileReference; explicitFileType = wrapper.cfbundle; includeInIndex = 0; path = "IP DetailsTests.xctest"; sourceTree = BUILT_PRODUCTS_DIR; };
		0EB896E428CD45DC00E7979F /* IP_DetailsTests.swift */ = {isa = PBXFileReference; lastKnownFileType = sourcecode.swift; path = IP_DetailsTests.swift; sourceTree = "<group>"; };
		0EB896EA28CD45DC00E7979F /* IP DetailsUITests.xctest */ = {isa = PBXFileReference; explicitFileType = wrapper.cfbundle; includeInIndex = 0; path = "IP DetailsUITests.xctest"; sourceTree = BUILT_PRODUCTS_DIR; };
		0EB896EE28CD45DC00E7979F /* IP_DetailsUITests.swift */ = {isa = PBXFileReference; lastKnownFileType = sourcecode.swift; path = IP_DetailsUITests.swift; sourceTree = "<group>"; };
		0EB896F028CD45DC00E7979F /* IP_DetailsUITestsLaunchTests.swift */ = {isa = PBXFileReference; lastKnownFileType = sourcecode.swift; path = IP_DetailsUITestsLaunchTests.swift; sourceTree = "<group>"; };
/* End PBXFileReference section */

/* Begin PBXFrameworksBuildPhase section */
		0EB896C428CD45D900E7979F /* Frameworks */ = {
			isa = PBXFrameworksBuildPhase;
			buildActionMask = 2147483647;
			files = (
			);
			runOnlyForDeploymentPostprocessing = 0;
		};
		0EB896DD28CD45DC00E7979F /* Frameworks */ = {
			isa = PBXFrameworksBuildPhase;
			buildActionMask = 2147483647;
			files = (
			);
			runOnlyForDeploymentPostprocessing = 0;
		};
		0EB896E728CD45DC00E7979F /* Frameworks */ = {
			isa = PBXFrameworksBuildPhase;
			buildActionMask = 2147483647;
			files = (
			);
			runOnlyForDeploymentPostprocessing = 0;
		};
/* End PBXFrameworksBuildPhase section */

/* Begin PBXGroup section */
		0EB896BE28CD45D900E7979F = {
			isa = PBXGroup;
			children = (
				0EB896C928CD45D900E7979F /* IP Details */,
				0EB896E328CD45DC00E7979F /* IP DetailsTests */,
				0EB896ED28CD45DC00E7979F /* IP DetailsUITests */,
				0EB896C828CD45D900E7979F /* Products */,
			);
			sourceTree = "<group>";
		};
		0EB896C828CD45D900E7979F /* Products */ = {
			isa = PBXGroup;
			children = (
				0EB896C728CD45D900E7979F /* IP Details.app */,
				0EB896E028CD45DC00E7979F /* IP DetailsTests.xctest */,
				0EB896EA28CD45DC00E7979F /* IP DetailsUITests.xctest */,
			);
			name = Products;
			sourceTree = "<group>";
		};
		0EB896C928CD45D900E7979F /* IP Details */ = {
			isa = PBXGroup;
			children = (
				0EB896CA28CD45D900E7979F /* AppDelegate.swift */,
				0EB896CC28CD45D900E7979F /* SceneDelegate.swift */,
				0EB896CE28CD45D900E7979F /* ViewController.swift */,
				0EB896D028CD45D900E7979F /* Main.storyboard */,
				0EB896D628CD45DC00E7979F /* Assets.xcassets */,
				0EB896D828CD45DC00E7979F /* LaunchScreen.storyboard */,
				0EB896DB28CD45DC00E7979F /* Info.plist */,
				0EB896D328CD45D900E7979F /* IP_Details.xcdatamodeld */,
			);
			path = "IP Details";
			sourceTree = "<group>";
		};
		0EB896E328CD45DC00E7979F /* IP DetailsTests */ = {
			isa = PBXGroup;
			children = (
				0EB896E428CD45DC00E7979F /* IP_DetailsTests.swift */,
			);
			path = "IP DetailsTests";
			sourceTree = "<group>";
		};
		0EB896ED28CD45DC00E7979F /* IP DetailsUITests */ = {
			isa = PBXGroup;
			children = (
				0EB896EE28CD45DC00E7979F /* IP_DetailsUITests.swift */,
				0EB896F028CD45DC00E7979F /* IP_DetailsUITestsLaunchTests.swift */,
			);
			path = "IP DetailsUITests";
			sourceTree = "<group>";
		};
/* End PBXGroup section */

/* Begin PBXNativeTarget section */
		0EB896C628CD45D900E7979F /* IP Details */ = {
			isa = PBXNativeTarget;
			buildConfigurationList = 0EB896F428CD45DC00E7979F /* Build configuration list for PBXNativeTarget "IP Details" */;
			buildPhases = (
				0EB896C328CD45D900E7979F /* Sources */,
				0EB896C428CD45D900E7979F /* Frameworks */,
				0EB896C528CD45D900E7979F /* Resources */,
			);
			buildRules = (
			);
			dependencies = (
			);
			name = "IP Details";
			productName = "IP Details";
			productReference = 0EB896C728CD45D900E7979F /* IP Details.app */;
			productType = "com.apple.product-type.application";
		};
		0EB896DF28CD45DC00E7979F /* IP DetailsTests */ = {
			isa = PBXNativeTarget;
			buildConfigurationList = 0EB896F728CD45DC00E7979F /* Build configuration list for PBXNativeTarget "IP DetailsTests" */;
			buildPhases = (
				0EB896DC28CD45DC00E7979F /* Sources */,
				0EB896DD28CD45DC00E7979F /* Frameworks */,
				0EB896DE28CD45DC00E7979F /* Resources */,
			);
			buildRules = (
			);
			dependencies = (
				0EB896E228CD45DC00E7979F /* PBXTargetDependency */,
			);
			name = "IP DetailsTests";
			productName = "IP DetailsTests";
			productReference = 0EB896E028CD45DC00E7979F /* IP DetailsTests.xctest */;
			productType = "com.apple.product-type.bundle.unit-test";
		};
		0EB896E928CD45DC00E7979F /* IP DetailsUITests */ = {
			isa = PBXNativeTarget;
			buildConfigurationList = 0EB896FA28CD45DC00E7979F /* Build configuration list for PBXNativeTarget "IP DetailsUITests" */;
			buildPhases = (
				0EB896E628CD45DC00E7979F /* Sources */,
				0EB896E728CD45DC00E7979F /* Frameworks */,
				0EB896E828CD45DC00E7979F /* Resources */,
			);
			buildRules = (
			);
			dependencies = (
				0EB896EC28CD45DC00E7979F /* PBXTargetDependency */,
			);
			name = "IP DetailsUITests";
			productName = "IP DetailsUITests";
			productReference = 0EB896EA28CD45DC00E7979F /* IP DetailsUITests.xctest */;
			productType = "com.apple.product-type.bundle.ui-testing";
		};
/* End PBXNativeTarget section */

/* Begin PBXProject section */
		0EB896BF28CD45D900E7979F /* Project object */ = {
			isa = PBXProject;
			attributes = {
				BuildIndependentTargetsInParallel = 1;
				LastSwiftUpdateCheck = 1340;
				LastUpgradeCheck = 1340;
				TargetAttributes = {
					0EB896C628CD45D900E7979F = {
						CreatedOnToolsVersion = 13.4.1;
					};
					0EB896DF28CD45DC00E7979F = {
						CreatedOnToolsVersion = 13.4.1;
						TestTargetID = 0EB896C628CD45D900E7979F;
					};
					0EB896E928CD45DC00E7979F = {
						CreatedOnToolsVersion = 13.4.1;
						TestTargetID = 0EB896C628CD45D900E7979F;
					};
				};
			};
			buildConfigurationList = 0EB896C228CD45D900E7979F /* Build configuration list for PBXProject "IP Details" */;
			compatibilityVersion = "Xcode 13.0";
			developmentRegion = en;
			hasScannedForEncodings = 0;
			knownRegions = (
				en,
				Base,
			);
			mainGroup = 0EB896BE28CD45D900E7979F;
			productRefGroup = 0EB896C828CD45D900E7979F /* Products */;
			projectDirPath = "";
			projectRoot = "";
			targets = (
				0EB896C628CD45D900E7979F /* IP Details */,
				0EB896DF28CD45DC00E7979F /* IP DetailsTests */,
				0EB896E928CD45DC00E7979F /* IP DetailsUITests */,
			);
		};
/* End PBXProject section */

/* Begin PBXResourcesBuildPhase section */
		0EB896C528CD45D900E7979F /* Resources */ = {
			isa = PBXResourcesBuildPhase;
			buildActionMask = 2147483647;
			files = (
				0EB896DA28CD45DC00E7979F /* LaunchScreen.storyboard in Resources */,
				0EB896D728CD45DC00E7979F /* Assets.xcassets in Resources */,
				0EB896D228CD45D900E7979F /* Main.storyboard in Resources */,
			);
			runOnlyForDeploymentPostprocessing = 0;
		};
		0EB896DE28CD45DC00E7979F /* Resources */ = {
			isa = PBXResourcesBuildPhase;
			buildActionMask = 2147483647;
			files = (
			);
			runOnlyForDeploymentPostprocessing = 0;
		};
		0EB896E828CD45DC00E7979F /* Resources */ = {
			isa = PBXResourcesBuildPhase;
			buildActionMask = 2147483647;
			files = (
			);
			runOnlyForDeploymentPostprocessing = 0;
		};
/* End PBXResourcesBuildPhase section */

/* Begin PBXSourcesBuildPhase section */
		0EB896C328CD45D900E7979F /* Sources */ = {
			isa = PBXSourcesBuildPhase;
			buildActionMask = 2147483647;
			files = (
				0EB896CF28CD45D900E7979F /* ViewController.swift in Sources */,
				0EB896D528CD45D900E7979F /* IP_Details.xcdatamodeld in Sources */,
				0EB896CB28CD45D900E7979F /* AppDelegate.swift in Sources */,
				0EB896CD28CD45D900E7979F /* SceneDelegate.swift in Sources */,
			);
			runOnlyForDeploymentPostprocessing = 0;
		};
		0EB896DC28CD45DC00E7979F /* Sources */ = {
			isa = PBXSourcesBuildPhase;
			buildActionMask = 2147483647;
			files = (
				0EB896E528CD45DC00E7979F /* IP_DetailsTests.swift in Sources */,
			);
			runOnlyForDeploymentPostprocessing = 0;
		};
		0EB896E628CD45DC00E7979F /* Sources */ = {
			isa = PBXSourcesBuildPhase;
			buildActionMask = 2147483647;
			files = (
				0EB896F128CD45DC00E7979F /* IP_DetailsUITestsLaunchTests.swift in Sources */,
				0EB896EF28CD45DC00E7979F /* IP_DetailsUITests.swift in Sources */,
			);
			runOnlyForDeploymentPostprocessing = 0;
		};
/* End PBXSourcesBuildPhase section */

/* Begin PBXTargetDependency section */
		0EB896E228CD45DC00E7979F /* PBXTargetDependency */ = {
			isa = PBXTargetDependency;
			target = 0EB896C628CD45D900E7979F /* IP Details */;
			targetProxy = 0EB896E128CD45DC00E7979F /* PBXContainerItemProxy */;
		};
		0EB896EC28CD45DC00E7979F /* PBXTargetDependency */ = {
			isa = PBXTargetDependency;
			target = 0EB896C628CD45D900E7979F /* IP Details */;
			targetProxy = 0EB896EB28CD45DC00E7979F /* PBXContainerItemProxy */;
		};
/* End PBXTargetDependency section */

/* Begin PBXVariantGroup section */
		0EB896D028CD45D900E7979F /* Main.storyboard */ = {
			isa = PBXVariantGroup;
			children = (
				0EB896D128CD45D900E7979F /* Base */,
			);
			name = Main.storyboard;
			sourceTree = "<group>";
		};
		0EB896D828CD45DC00E7979F /* LaunchScreen.storyboard */ = {
			isa = PBXVariantGroup;
			children = (
				0EB896D928CD45DC00E7979F /* Base */,
			);
			name = LaunchScreen.storyboard;
			sourceTree = "<group>";
		};
/* End PBXVariantGroup section */

/* Begin XCBuildConfiguration section */
		0EB896F228CD45DC00E7979F /* Debug */ = {
			isa = XCBuildConfiguration;
			buildSettings = {
				ALWAYS_SEARCH_USER_PATHS = NO;
				CLANG_ANALYZER_NONNULL = YES;
				CLANG_ANALYZER_NUMBER_OBJECT_CONVERSION = YES_AGGRESSIVE;
				CLANG_CXX_LANGUAGE_STANDARD = "gnu++17";
				CLANG_ENABLE_MODULES = YES;
				CLANG_ENABLE_OBJC_ARC = YES;
				CLANG_ENABLE_OBJC_WEAK = YES;
				CLANG_WARN_BLOCK_CAPTURE_AUTORELEASING = YES;
				CLANG_WARN_BOOL_CONVERSION = YES;
				CLANG_WARN_COMMA = YES;
				CLANG_WARN_CONSTANT_CONVERSION = YES;
				CLANG_WARN_DEPRECATED_OBJC_IMPLEMENTATIONS = YES;
				CLANG_WARN_DIRECT_OBJC_ISA_USAGE = YES_ERROR;
				CLANG_WARN_DOCUMENTATION_COMMENTS = YES;
				CLANG_WARN_EMPTY_BODY = YES;
				CLANG_WARN_ENUM_CONVERSION = YES;
				CLANG_WARN_INFINITE_RECURSION = YES;
				CLANG_WARN_INT_CONVERSION = YES;
				CLANG_WARN_NON_LITERAL_NULL_CONVERSION = YES;
				CLANG_WARN_OBJC_IMPLICIT_RETAIN_SELF = YES;
				CLANG_WARN_OBJC_LITERAL_CONVERSION = YES;
				CLANG_WARN_OBJC_ROOT_CLASS = YES_ERROR;
				CLANG_WARN_QUOTED_INCLUDE_IN_FRAMEWORK_HEADER = YES;
				CLANG_WARN_RANGE_LOOP_ANALYSIS = YES;
				CLANG_WARN_STRICT_PROTOTYPES = YES;
				CLANG_WARN_SUSPICIOUS_MOVE = YES;
				CLANG_WARN_UNGUARDED_AVAILABILITY = YES_AGGRESSIVE;
				CLANG_WARN_UNREACHABLE_CODE = YES;
				CLANG_WARN__DUPLICATE_METHOD_MATCH = YES;
				COPY_PHASE_STRIP = NO;
				DEBUG_INFORMATION_FORMAT = dwarf;
				ENABLE_STRICT_OBJC_MSGSEND = YES;
				ENABLE_TESTABILITY = YES;
				GCC_C_LANGUAGE_STANDARD = gnu11;
				GCC_DYNAMIC_NO_PIC = NO;
				GCC_NO_COMMON_BLOCKS = YES;
				GCC_OPTIMIZATION_LEVEL = 0;
				GCC_PREPROCESSOR_DEFINITIONS = (
					"DEBUG=1",
					"$(inherited)",
				);
				GCC_WARN_64_TO_32_BIT_CONVERSION = YES;
				GCC_WARN_ABOUT_RETURN_TYPE = YES_ERROR;
				GCC_WARN_UNDECLARED_SELECTOR = YES;
				GCC_WARN_UNINITIALIZED_AUTOS = YES_AGGRESSIVE;
				GCC_WARN_UNUSED_FUNCTION = YES;
				GCC_WARN_UNUSED_VARIABLE = YES;
				IPHONEOS_DEPLOYMENT_TARGET = 15.5;
				MTL_ENABLE_DEBUG_INFO = INCLUDE_SOURCE;
				MTL_FAST_MATH = YES;
				ONLY_ACTIVE_ARCH = YES;
				SDKROOT = iphoneos;
				SWIFT_ACTIVE_COMPILATION_CONDITIONS = DEBUG;
				SWIFT_OPTIMIZATION_LEVEL = "-Onone";
			};
			name = Debug;
		};
		0EB896F328CD45DC00E7979F /* Release */ = {
			isa = XCBuildConfiguration;
			buildSettings = {
				ALWAYS_SEARCH_USER_PATHS = NO;
				CLANG_ANALYZER_NONNULL = YES;
				CLANG_ANALYZER_NUMBER_OBJECT_CONVERSION = YES_AGGRESSIVE;
				CLANG_CXX_LANGUAGE_STANDARD = "gnu++17";
				CLANG_ENABLE_MODULES = YES;
				CLANG_ENABLE_OBJC_ARC = YES;
				CLANG_ENABLE_OBJC_WEAK = YES;
				CLANG_WARN_BLOCK_CAPTURE_AUTORELEASING = YES;
				CLANG_WARN_BOOL_CONVERSION = YES;
				CLANG_WARN_COMMA = YES;
				CLANG_WARN_CONSTANT_CONVERSION = YES;
				CLANG_WARN_DEPRECATED_OBJC_IMPLEMENTATIONS = YES;
				CLANG_WARN_DIRECT_OBJC_ISA_USAGE = YES_ERROR;
				CLANG_WARN_DOCUMENTATION_COMMENTS = YES;
				CLANG_WARN_EMPTY_BODY = YES;
				CLANG_WARN_ENUM_CONVERSION = YES;
				CLANG_WARN_INFINITE_RECURSION = YES;
				CLANG_WARN_INT_CONVERSION = YES;
				CLANG_WARN_NON_LITERAL_NULL_CONVERSION = YES;
				CLANG_WARN_OBJC_IMPLICIT_RETAIN_SELF = YES;
				CLANG_WARN_OBJC_LITERAL_CONVERSION = YES;
				CLANG_WARN_OBJC_ROOT_CLASS = YES_ERROR;
				CLANG_WARN_QUOTED_INCLUDE_IN_FRAMEWORK_HEADER = YES;
				CLANG_WARN_RANGE_LOOP_ANALYSIS = YES;
				CLANG_WARN_STRICT_PROTOTYPES = YES;
				CLANG_WARN_SUSPICIOUS_MOVE = YES;
				CLANG_WARN_UNGUARDED_AVAILABILITY = YES_AGGRESSIVE;
				CLANG_WARN_UNREACHABLE_CODE = YES;
				CLANG_WARN__DUPLICATE_METHOD_MATCH = YES;
				COPY_PHASE_STRIP = NO;
				DEBUG_INFORMATION_FORMAT = "dwarf-with-dsym";
				ENABLE_NS_ASSERTIONS = NO;
				ENABLE_STRICT_OBJC_MSGSEND = YES;
				GCC_C_LANGUAGE_STANDARD = gnu11;
				GCC_NO_COMMON_BLOCKS = YES;
				GCC_WARN_64_TO_32_BIT_CONVERSION = YES;
				GCC_WARN_ABOUT_RETURN_TYPE = YES_ERROR;
				GCC_WARN_UNDECLARED_SELECTOR = YES;
				GCC_WARN_UNINITIALIZED_AUTOS = YES_AGGRESSIVE;
				GCC_WARN_UNUSED_FUNCTION = YES;
				GCC_WARN_UNUSED_VARIABLE = YES;
				IPHONEOS_DEPLOYMENT_TARGET = 15.5;
				MTL_ENABLE_DEBUG_INFO = NO;
				MTL_FAST_MATH = YES;
				SDKROOT = iphoneos;
				SWIFT_COMPILATION_MODE = wholemodule;
				SWIFT_OPTIMIZATION_LEVEL = "-O";
				VALIDATE_PRODUCT = YES;
			};
			name = Release;
		};
		0EB896F528CD45DC00E7979F /* Debug */ = {
			isa = XCBuildConfiguration;
			buildSettings = {
				ASSETCATALOG_COMPILER_APPICON_NAME = AppIcon;
				ASSETCATALOG_COMPILER_GLOBAL_ACCENT_COLOR_NAME = AccentColor;
				CODE_SIGN_STYLE = Automatic;
				CURRENT_PROJECT_VERSION = 1;
				DEVELOPMENT_TEAM = 7636TT533A;
				GENERATE_INFOPLIST_FILE = YES;
				INFOPLIST_FILE = "IP Details/Info.plist";
				INFOPLIST_KEY_UIApplicationSupportsIndirectInputEvents = YES;
				INFOPLIST_KEY_UILaunchStoryboardName = LaunchScreen;
				INFOPLIST_KEY_UIMainStoryboardFile = Main;
				INFOPLIST_KEY_UISupportedInterfaceOrientations_iPad = "UIInterfaceOrientationPortrait UIInterfaceOrientationPortraitUpsideDown UIInterfaceOrientationLandscapeLeft UIInterfaceOrientationLandscapeRight";
				INFOPLIST_KEY_UISupportedInterfaceOrientations_iPhone = "UIInterfaceOrientationPortrait UIInterfaceOrientationLandscapeLeft UIInterfaceOrientationLandscapeRight";
				LD_RUNPATH_SEARCH_PATHS = (
					"$(inherited)",
					"@executable_path/Frameworks",
				);
				MARKETING_VERSION = 1.0;
				PRODUCT_BUNDLE_IDENTIFIER = "com.preetambeeravelli.IP-Details";
				PRODUCT_NAME = "$(TARGET_NAME)";
				SWIFT_EMIT_LOC_STRINGS = YES;
				SWIFT_VERSION = 5.0;
				TARGETED_DEVICE_FAMILY = "1,2";
			};
			name = Debug;
		};
		0EB896F628CD45DC00E7979F /* Release */ = {
			isa = XCBuildConfiguration;
			buildSettings = {
				ASSETCATALOG_COMPILER_APPICON_NAME = AppIcon;
				ASSETCATALOG_COMPILER_GLOBAL_ACCENT_COLOR_NAME = AccentColor;
				CODE_SIGN_STYLE = Automatic;
				CURRENT_PROJECT_VERSION = 1;
				DEVELOPMENT_TEAM = 7636TT533A;
				GENERATE_INFOPLIST_FILE = YES;
				INFOPLIST_FILE = "IP Details/Info.plist";
				INFOPLIST_KEY_UIApplicationSupportsIndirectInputEvents = YES;
				INFOPLIST_KEY_UILaunchStoryboardName = LaunchScreen;
				INFOPLIST_KEY_UIMainStoryboardFile = Main;
				INFOPLIST_KEY_UISupportedInterfaceOrientations_iPad = "UIInterfaceOrientationPortrait UIInterfaceOrientationPortraitUpsideDown UIInterfaceOrientationLandscapeLeft UIInterfaceOrientationLandscapeRight";
				INFOPLIST_KEY_UISupportedInterfaceOrientations_iPhone = "UIInterfaceOrientationPortrait UIInterfaceOrientationLandscapeLeft UIInterfaceOrientationLandscapeRight";
				LD_RUNPATH_SEARCH_PATHS = (
					"$(inherited)",
					"@executable_path/Frameworks",
				);
				MARKETING_VERSION = 1.0;
				PRODUCT_BUNDLE_IDENTIFIER = "com.preetambeeravelli.IP-Details";
				PRODUCT_NAME = "$(TARGET_NAME)";
				SWIFT_EMIT_LOC_STRINGS = YES;
				SWIFT_VERSION = 5.0;
				TARGETED_DEVICE_FAMILY = "1,2";
			};
			name = Release;
		};
		0EB896F828CD45DC00E7979F /* Debug */ = {
			isa = XCBuildConfiguration;
			buildSettings = {
				ALWAYS_EMBED_SWIFT_STANDARD_LIBRARIES = YES;
				BUNDLE_LOADER = "$(TEST_HOST)";
				CODE_SIGN_STYLE = Automatic;
				CURRENT_PROJECT_VERSION = 1;
				DEVELOPMENT_TEAM = 7636TT533A;
				GENERATE_INFOPLIST_FILE = YES;
				IPHONEOS_DEPLOYMENT_TARGET = 15.5;
				MARKETING_VERSION = 1.0;
				PRODUCT_BUNDLE_IDENTIFIER = "com.preetambeeravelli.IP-DetailsTests";
				PRODUCT_NAME = "$(TARGET_NAME)";
				SWIFT_EMIT_LOC_STRINGS = NO;
				SWIFT_VERSION = 5.0;
				TARGETED_DEVICE_FAMILY = "1,2";
				TEST_HOST = "$(BUILT_PRODUCTS_DIR)/IP Details.app/IP Details";
			};
			name = Debug;
		};
		0EB896F928CD45DC00E7979F /* Release */ = {
			isa = XCBuildConfiguration;
			buildSettings = {
				ALWAYS_EMBED_SWIFT_STANDARD_LIBRARIES = YES;
				BUNDLE_LOADER = "$(TEST_HOST)";
				CODE_SIGN_STYLE = Automatic;
				CURRENT_PROJECT_VERSION = 1;
				DEVELOPMENT_TEAM = 7636TT533A;
				GENERATE_INFOPLIST_FILE = YES;
				IPHONEOS_DEPLOYMENT_TARGET = 15.5;
				MARKETING_VERSION = 1.0;
				PRODUCT_BUNDLE_IDENTIFIER = "com.preetambeeravelli.IP-DetailsTests";
				PRODUCT_NAME = "$(TARGET_NAME)";
				SWIFT_EMIT_LOC_STRINGS = NO;
				SWIFT_VERSION = 5.0;
				TARGETED_DEVICE_FAMILY = "1,2";
				TEST_HOST = "$(BUILT_PRODUCTS_DIR)/IP Details.app/IP Details";
			};
			name = Release;
		};
		0EB896FB28CD45DC00E7979F /* Debug */ = {
			isa = XCBuildConfiguration;
			buildSettings = {
				ALWAYS_EMBED_SWIFT_STANDARD_LIBRARIES = YES;
				CODE_SIGN_STYLE = Automatic;
				CURRENT_PROJECT_VERSION = 1;
				DEVELOPMENT_TEAM = 7636TT533A;
				GENERATE_INFOPLIST_FILE = YES;
				MARKETING_VERSION = 1.0;
				PRODUCT_BUNDLE_IDENTIFIER = "com.preetambeeravelli.IP-DetailsUITests";
				PRODUCT_NAME = "$(TARGET_NAME)";
				SWIFT_EMIT_LOC_STRINGS = NO;
				SWIFT_VERSION = 5.0;
				TARGETED_DEVICE_FAMILY = "1,2";
				TEST_TARGET_NAME = "IP Details";
			};
			name = Debug;
		};
		0EB896FC28CD45DC00E7979F /* Release */ = {
			isa = XCBuildConfiguration;
			buildSettings = {
				ALWAYS_EMBED_SWIFT_STANDARD_LIBRARIES = YES;
				CODE_SIGN_STYLE = Automatic;
				CURRENT_PROJECT_VERSION = 1;
				DEVELOPMENT_TEAM = 7636TT533A;
				GENERATE_INFOPLIST_FILE = YES;
				MARKETING_VERSION = 1.0;
				PRODUCT_BUNDLE_IDENTIFIER = "com.preetambeeravelli.IP-DetailsUITests";
				PRODUCT_NAME = "$(TARGET_NAME)";
				SWIFT_EMIT_LOC_STRINGS = NO;
				SWIFT_VERSION = 5.0;
				TARGETED_DEVICE_FAMILY = "1,2";
				TEST_TARGET_NAME = "IP Details";
			};
			name = Release;
		};
/* End XCBuildConfiguration section */

/* Begin XCConfigurationList section */
		0EB896C228CD45D900E7979F /* Build configuration list for PBXProject "IP Details" */ = {
			isa = XCConfigurationList;
			buildConfigurations = (
				0EB896F228CD45DC00E7979F /* Debug */,
				0EB896F328CD45DC00E7979F /* Release */,
			);
			defaultConfigurationIsVisible = 0;
			defaultConfigurationName = Release;
		};
		0EB896F428CD45DC00E7979F /* Build configuration list for PBXNativeTarget "IP Details" */ = {
			isa = XCConfigurationList;
			buildConfigurations = (
				0EB896F528CD45DC00E7979F /* Debug */,
				0EB896F628CD45DC00E7979F /* Release */,
			);
			defaultConfigurationIsVisible = 0;
			defaultConfigurationName = Release;
		};
		0EB896F728CD45DC00E7979F /* Build configuration list for PBXNativeTarget "IP DetailsTests" */ = {
			isa = XCConfigurationList;
			buildConfigurations = (
				0EB896F828CD45DC00E7979F /* Debug */,
				0EB896F928CD45DC00E7979F /* Release */,
			);
			defaultConfigurationIsVisible = 0;
			defaultConfigurationName = Release;
		};
		0EB896FA28CD45DC00E7979F /* Build configuration list for PBXNativeTarget "IP DetailsUITests" */ = {
			isa = XCConfigurationList;
			buildConfigurations = (
				0EB896FB28CD45DC00E7979F /* Debug */,
				0EB896FC28CD45DC00E7979F /* Release */,
			);
			defaultConfigurationIsVisible = 0;
			defaultConfigurationName = Release;
		};
/* End XCConfigurationList section */

/* Begin XCVersionGroup section */
		0EB896D328CD45D900E7979F /* IP_Details.xcdatamodeld */ = {
			isa = XCVersionGroup;
			children = (
				0EB896D428CD45D900E7979F /* IP_Details.xcdatamodel */,
			);
			currentVersion = 0EB896D428CD45D900E7979F /* IP_Details.xcdatamodel */;
			path = IP_Details.xcdatamodeld;
			sourceTree = "<group>";
			versionGroupType = wrapper.xcdatamodel;
		};
/* End XCVersionGroup section */
	};
	rootObject = 0EB896BF28CD45D900E7979F /* Project object */;
}
